<?xml version="1.0" encoding="utf-8"?>
<Project ToolsVersion="4.0" xmlns="http://schemas.microsoft.com/developer/msbuild/2003">
  <ItemGroup>
    <ClCompile Include="Core.cpp" />
    <ClCompile Include="EGui\Backend\Input\Input.cpp" />
    <ClCompile Include="EGui\Gui\Dragging.cpp" />
    <ClCompile Include="EGui\Gui\Elements\Tabs.cpp" />
    <ClCompile Include="EGui\Gui\Elements\Checkbox.cpp" />
    <ClCompile Include="EGui\Gui\Elements\Window.cpp" />
    <ClCompile Include="EGui\Gui\Elements\Combo.cpp" />
    <ClCompile Include="EGui\Backend\Render\Renderer.cpp" />
    <ClCompile Include="EGui\Gui\Elements\Slider.cpp" />
    <ClCompile Include="EGui\Gui\Elements\MultiCombo.cpp" />
    <ClCompile Include="EGui\Gui\Elements\Listbox.cpp" />
    <ClCompile Include="EGui\Gui\Elements\Button.cpp" />
    <ClCompile Include="EGui\Gui\Elements\Colorpicker.cpp" />
    <ClCompile Include="EGui\Gui\Elements\Popup.cpp" />
    <ClCompile Include="EGui\EGui.cpp" />
    <ClCompile Include="EGui\Backend\Graphics\DirectX.cpp" />
    <ClCompile Include="EGui\Backend\Win32\Wnd.cpp" />
    <ClCompile Include="EGui\Gui\Elements\Textbox.cpp" />
    <ClCompile Include="EGui\Gui\Elements\Keybind.cpp" />
    <ClCompile Include="EGui\Backend\Animation\Timing.cpp" />
    <ClCompile Include="EGui\Gui\Resizing.cpp" />
    <ClCompile Include="EGui\Gui\Elements\SubTabs.cpp" />
    <ClCompile Include="EGui\Gui\Elements\Child.cpp" />
    <ClCompile Include="EGui\Backend\Animation\Animation.cpp" />
    <ClCompile Include="EGui\Backend\Render\Wrapper.cpp" />
    <ClCompile Include="EGui\Backend\Utility\Math.cpp" />
    <ClCompile Include="EGui\Backend\Camera\Camera.cpp" />
    <ClCompile Include="EGui\Gui\Elements\Label.cpp" />
  </ItemGroup>
  <ItemGroup>
    <ClInclude Include="Common.hpp" />
    <ClInclude Include="EGui\Backend\Render\Renderer.hpp" />
    <ClInclude Include="EGui\Backend\Render\Classes\Color.hpp" />
    <ClInclude Include="EGui\Backend\Input\Input.hpp" />
    <ClInclude Include="EGui\Backend\Render\Classes\Vector.hpp" />
    <ClInclude Include="EGui\Backend\Render\Classes\Vector2D.hpp" />
    <ClInclude Include="EGui\EGui.hpp" />
    <ClInclude Include="EGui\Backend\Render\Classes\Rect.hpp" />
    <ClInclude Include="EGui\Backend\Render\Classes\Vertex.hpp" />
    <ClInclude Include="EGui\Backend\Render\Textures\Textures.hpp" />
    <ClInclude Include="EGui\Backend\Graphics\DirectX.hpp" />
    <ClInclude Include="EGui\Backend\Win32\Wnd.hpp" />
    <ClInclude Include="EGui\Backend\Render\Fonts\Fonts.hpp" />
    <ClInclude Include="EGui\Backend\Animation\Timing.hpp" />
    <ClInclude Include="EGui\Backend\Animation\Animation.hpp" />
    <ClInclude Include="EGui\Backend\Threading\atomic_lock.h" />
    <ClInclude Include="EGui\Backend\Threading\packed_heap.h" />
    <ClInclude Include="EGui\Backend\Threading\shared_mutex.h" />
    <ClInclude Include="EGui\Backend\Render\Wrapper.hpp" />
    <ClInclude Include="EGui\Backend\Utility\Math.hpp" />
    <ClInclude Include="EGui\Backend\Camera\Camera.hpp" />
  </ItemGroup>
</Project>